
Microsoft Visual Studio Solution File, Format Version 12.00
# Visual Studio 15
VisualStudioVersion = 15.0.28010.2048
MinimumVisualStudioVersion = 10.0.40219.1
Project("{FAE04EC0-301F-11D3-BF4B-00C04F79EFBC}") = "RanjithResume", "RanjithResume\RanjithResume.csproj", "{1C84D845-C3B6-4152-864A-706EDB669AF4}"
EndProject
Global
	GlobalSection(SolutionConfigurationPlatforms) = preSolution
		Debug|Any CPU = Debug|Any CPU
		Release|Any CPU = Release|Any CPU
	EndGlobalSection
	GlobalSection(ProjectConfigurationPlatforms) = postSolution
		{1C84D845-C3B6-4152-864A-706EDB669AF4}.Debug|Any CPU.ActiveCfg = Debug|Any CPU
		{1C84D845-C3B6-4152-864A-706EDB669AF4}.Debug|Any CPU.Build.0 = Debug|Any CPU
		{1C84D845-C3B6-4152-864A-706EDB669AF4}.Release|Any CPU.ActiveCfg = Release|Any CPU
		{1C84D845-C3B6-4152-864A-706EDB669AF4}.Release|Any CPU.Build.0 = Release|Any CPU
	EndGlobalSection
	GlobalSection(SolutionProperties) = preSolution
		HideSolutionNode = FALSE
	EndGlobalSection
	GlobalSection(ExtensibilityGlobals) = postSolution
		SolutionGuid = {2E1F9EC8-2308-4CC9-BCD0-DC42F81CB539}
	EndGlobalSection
EndGlobal
